
Microsoft Visual Studio Solution File, Format Version 12.00
# Visual Studio Version 17
VisualStudioVersion = 17.14.36109.1
MinimumVisualStudioVersion = 10.0.40219.1
Project("{FAE04EC0-301F-11D3-BF4B-00C04F79EFBC}") = "DUPSS", "DUPSS\DUPSS.csproj", "{0E31C7F3-1414-4CA8-9311-A39FC4F4EF01}"
EndProject
Global
	GlobalSection(SolutionConfigurationPlatforms) = preSolution
		Debug|Any CPU = Debug|Any CPU
		Release|Any CPU = Release|Any CPU
	EndGlobalSection
	GlobalSection(ProjectConfigurationPlatforms) = postSolution
		{0E31C7F3-1414-4CA8-9311-A39FC4F4EF01}.Debug|Any CPU.ActiveCfg = Debug|Any CPU
		{0E31C7F3-1414-4CA8-9311-A39FC4F4EF01}.Debug|Any CPU.Build.0 = Debug|Any CPU
		{0E31C7F3-1414-4CA8-9311-A39FC4F4EF01}.Release|Any CPU.ActiveCfg = Release|Any CPU
		{0E31C7F3-1414-4CA8-9311-A39FC4F4EF01}.Release|Any CPU.Build.0 = Release|Any CPU
	EndGlobalSection
	GlobalSection(SolutionProperties) = preSolution
		HideSolutionNode = FALSE
	EndGlobalSection
	GlobalSection(ExtensibilityGlobals) = postSolution
		SolutionGuid = {DCF2079D-7A98-493E-A1A4-5AC8F0EC9721}
	EndGlobalSection
EndGlobal
